
Microsoft Visual Studio Solution File, Format Version 12.00
# Visual Studio Version 17
VisualStudioVersion = 17.4.33122.133
MinimumVisualStudioVersion = 10.0.40219.1
Project("{FAE04EC0-301F-11D3-BF4B-00C04F79EFBC}") = "FlashFramework", "FlashFramework\FlashFramework.csproj", "{6C74F69B-C4DE-4A8E-9919-984433035D7E}"
EndProject
Project("{FAE04EC0-301F-11D3-BF4B-00C04F79EFBC}") = "FlashFramework.WebApp", "FlashFramework.WebApp\FlashFramework.WebApp.csproj", "{8E86E9DA-AA0E-4DAD-845B-6D7B8186AF46}"
EndProject
Project("{2150E333-8FDC-42A3-9474-1A3956D46DE8}") = "Modules", "Modules", "{D5220220-D9A1-4A8C-8394-229CE73791F3}"
EndProject
Project("{FAE04EC0-301F-11D3-BF4B-00C04F79EFBC}") = "FlashFramework.Modules.SampleModule", "Modules\FlashFramework.Modules.SampleModule\FlashFramework.Modules.SampleModule.csproj", "{57A4227E-1968-498F-8251-5EA187AA187A}"
EndProject
Project("{9A19103F-16F7-4668-BE54-9A1E7A4F7556}") = "FlashFramework.Modules.HelloWorldModule", "Modules\FlashFramework.Modules.HelloWorldModule\FlashFramework.Modules.HelloWorldModule.csproj", "{C7588A21-83CF-49EB-8892-C7E6EAADF4A2}"
EndProject
Global
	GlobalSection(SolutionConfigurationPlatforms) = preSolution
		Debug|Any CPU = Debug|Any CPU
		Release|Any CPU = Release|Any CPU
	EndGlobalSection
	GlobalSection(ProjectConfigurationPlatforms) = postSolution
		{6C74F69B-C4DE-4A8E-9919-984433035D7E}.Debug|Any CPU.ActiveCfg = Debug|Any CPU
		{6C74F69B-C4DE-4A8E-9919-984433035D7E}.Debug|Any CPU.Build.0 = Debug|Any CPU
		{6C74F69B-C4DE-4A8E-9919-984433035D7E}.Release|Any CPU.ActiveCfg = Release|Any CPU
		{6C74F69B-C4DE-4A8E-9919-984433035D7E}.Release|Any CPU.Build.0 = Release|Any CPU
		{8E86E9DA-AA0E-4DAD-845B-6D7B8186AF46}.Debug|Any CPU.ActiveCfg = Debug|Any CPU
		{8E86E9DA-AA0E-4DAD-845B-6D7B8186AF46}.Debug|Any CPU.Build.0 = Debug|Any CPU
		{8E86E9DA-AA0E-4DAD-845B-6D7B8186AF46}.Release|Any CPU.ActiveCfg = Release|Any CPU
		{8E86E9DA-AA0E-4DAD-845B-6D7B8186AF46}.Release|Any CPU.Build.0 = Release|Any CPU
		{57A4227E-1968-498F-8251-5EA187AA187A}.Debug|Any CPU.ActiveCfg = Debug|Any CPU
		{57A4227E-1968-498F-8251-5EA187AA187A}.Debug|Any CPU.Build.0 = Debug|Any CPU
		{57A4227E-1968-498F-8251-5EA187AA187A}.Release|Any CPU.ActiveCfg = Release|Any CPU
		{57A4227E-1968-498F-8251-5EA187AA187A}.Release|Any CPU.Build.0 = Release|Any CPU
		{C7588A21-83CF-49EB-8892-C7E6EAADF4A2}.Debug|Any CPU.ActiveCfg = Debug|Any CPU
		{C7588A21-83CF-49EB-8892-C7E6EAADF4A2}.Debug|Any CPU.Build.0 = Debug|Any CPU
		{C7588A21-83CF-49EB-8892-C7E6EAADF4A2}.Release|Any CPU.ActiveCfg = Release|Any CPU
		{C7588A21-83CF-49EB-8892-C7E6EAADF4A2}.Release|Any CPU.Build.0 = Release|Any CPU
	EndGlobalSection
	GlobalSection(SolutionProperties) = preSolution
		HideSolutionNode = FALSE
	EndGlobalSection
	GlobalSection(NestedProjects) = preSolution
		{57A4227E-1968-498F-8251-5EA187AA187A} = {D5220220-D9A1-4A8C-8394-229CE73791F3}
		{C7588A21-83CF-49EB-8892-C7E6EAADF4A2} = {D5220220-D9A1-4A8C-8394-229CE73791F3}
	EndGlobalSection
	GlobalSection(ExtensibilityGlobals) = postSolution
		SolutionGuid = {2D8067C0-5279-4E90-A0FF-96EC348D760B}
	EndGlobalSection
EndGlobal
